
Microsoft Visual Studio Solution File, Format Version 12.00
# Visual Studio 15
VisualStudioVersion = 15.0.28307.271
MinimumVisualStudioVersion = 10.0.40219.1
Project("{FAE04EC0-301F-11D3-BF4B-00C04F79EFBC}") = "Salao", "Salao\Salao.csproj", "{D8A0ACBD-B7F0-47A0-9BD9-30CAF8963E8C}"
EndProject
Global
	GlobalSection(SolutionConfigurationPlatforms) = preSolution
		Debug|Any CPU = Debug|Any CPU
		Release|Any CPU = Release|Any CPU
	EndGlobalSection
	GlobalSection(ProjectConfigurationPlatforms) = postSolution
		{D8A0ACBD-B7F0-47A0-9BD9-30CAF8963E8C}.Debug|Any CPU.ActiveCfg = Debug|Any CPU
		{D8A0ACBD-B7F0-47A0-9BD9-30CAF8963E8C}.Debug|Any CPU.Build.0 = Debug|Any CPU
		{D8A0ACBD-B7F0-47A0-9BD9-30CAF8963E8C}.Release|Any CPU.ActiveCfg = Release|Any CPU
		{D8A0ACBD-B7F0-47A0-9BD9-30CAF8963E8C}.Release|Any CPU.Build.0 = Release|Any CPU
	EndGlobalSection
	GlobalSection(SolutionProperties) = preSolution
		HideSolutionNode = FALSE
	EndGlobalSection
	GlobalSection(ExtensibilityGlobals) = postSolution
		SolutionGuid = {DF625A73-39E0-448C-B66B-C218C8F0E4EB}
	EndGlobalSection
EndGlobal
